
Microsoft Visual Studio Solution File, Format Version 12.00
# Visual Studio Version 17
VisualStudioVersion = 17.5.002.0
MinimumVisualStudioVersion = 10.0.40219.1
Project("{9A19103F-16F7-4668-BE54-9A1E7A4F7556}") = "DataStructuresAndAlgorithms", "DataStructuresAndAlgorithms.csproj", "{99C13545-ECA3-42DE-AA06-8DD86B519DF0}"
EndProject
Global
	GlobalSection(SolutionConfigurationPlatforms) = preSolution
		Debug|Any CPU = Debug|Any CPU
		Release|Any CPU = Release|Any CPU
	EndGlobalSection
	GlobalSection(ProjectConfigurationPlatforms) = postSolution
		{99C13545-ECA3-42DE-AA06-8DD86B519DF0}.Debug|Any CPU.ActiveCfg = Debug|Any CPU
		{99C13545-ECA3-42DE-AA06-8DD86B519DF0}.Debug|Any CPU.Build.0 = Debug|Any CPU
		{99C13545-ECA3-42DE-AA06-8DD86B519DF0}.Release|Any CPU.ActiveCfg = Release|Any CPU
		{99C13545-ECA3-42DE-AA06-8DD86B519DF0}.Release|Any CPU.Build.0 = Release|Any CPU
	EndGlobalSection
	GlobalSection(SolutionProperties) = preSolution
		HideSolutionNode = FALSE
	EndGlobalSection
	GlobalSection(ExtensibilityGlobals) = postSolution
		SolutionGuid = {70290FD4-5BC7-4239-9C9A-964D2E3B16BF}
	EndGlobalSection
EndGlobal
